// !$*UTF8*$!
{
	archiveVersion = 1;
	classes = {
	};
	objectVersion = 46;
	objects = {

/* Begin PBXBuildFile section */
		A10CEB8A1E80624E00E15369 /* GoogleService-Info.plist in Resources */ = {isa = PBXBuildFile; fileRef = A10CEB891E80624E00E15369 /* GoogleService-Info.plist */; };
		A116C06A1E803A1F00E69F13 /* AppDelegate.swift in Sources */ = {isa = PBXBuildFile; fileRef = A116C0691E803A1F00E69F13 /* AppDelegate.swift */; };
		A116C06F1E803A1F00E69F13 /* Main.storyboard in Resources */ = {isa = PBXBuildFile; fileRef = A116C06D1E803A1F00E69F13 /* Main.storyboard */; };
		A116C0721E803A1F00E69F13 /* MobileHostess.xcdatamodeld in Sources */ = {isa = PBXBuildFile; fileRef = A116C0701E803A1F00E69F13 /* MobileHostess.xcdatamodeld */; };
		A116C0741E803A1F00E69F13 /* Assets.xcassets in Resources */ = {isa = PBXBuildFile; fileRef = A116C0731E803A1F00E69F13 /* Assets.xcassets */; };
		A116C0771E803A1F00E69F13 /* LaunchScreen.storyboard in Resources */ = {isa = PBXBuildFile; fileRef = A116C0751E803A1F00E69F13 /* LaunchScreen.storyboard */; };
		A17B4CEC1E80496200CC31CF /* SignUpViewController.swift in Sources */ = {isa = PBXBuildFile; fileRef = A17B4CEB1E80496200CC31CF /* SignUpViewController.swift */; };
		A17B4CEE1E805ACD00CC31CF /* LoginViewController.swift in Sources */ = {isa = PBXBuildFile; fileRef = A17B4CED1E805ACD00CC31CF /* LoginViewController.swift */; };
		EB866B94C488FFB867BA6D93 /* Pods_MobileHostess.framework in Frameworks */ = {isa = PBXBuildFile; fileRef = A83389C4DE1551CB9F3C4C70 /* Pods_MobileHostess.framework */; };
/* End PBXBuildFile section */

/* Begin PBXFileReference section */
		4FCF7B20374D5D73B21C23D4 /* Pods-MobileHostess.debug.xcconfig */ = {isa = PBXFileReference; includeInIndex = 1; lastKnownFileType = text.xcconfig; name = "Pods-MobileHostess.debug.xcconfig"; path = "Pods/Target Support Files/Pods-MobileHostess/Pods-MobileHostess.debug.xcconfig"; sourceTree = "<group>"; };
		A10CEB891E80624E00E15369 /* GoogleService-Info.plist */ = {isa = PBXFileReference; fileEncoding = 4; lastKnownFileType = text.plist.xml; path = "GoogleService-Info.plist"; sourceTree = "<group>"; };
		A116C0661E803A1F00E69F13 /* MobileHostess.app */ = {isa = PBXFileReference; explicitFileType = wrapper.application; includeInIndex = 0; path = MobileHostess.app; sourceTree = BUILT_PRODUCTS_DIR; };
		A116C0691E803A1F00E69F13 /* AppDelegate.swift */ = {isa = PBXFileReference; lastKnownFileType = sourcecode.swift; path = AppDelegate.swift; sourceTree = "<group>"; };
		A116C06E1E803A1F00E69F13 /* Base */ = {isa = PBXFileReference; lastKnownFileType = file.storyboard; name = Base; path = Base.lproj/Main.storyboard; sourceTree = "<group>"; };
		A116C0711E803A1F00E69F13 /* MobileHostess.xcdatamodel */ = {isa = PBXFileReference; lastKnownFileType = wrapper.xcdatamodel; path = MobileHostess.xcdatamodel; sourceTree = "<group>"; };
		A116C0731E803A1F00E69F13 /* Assets.xcassets */ = {isa = PBXFileReference; lastKnownFileType = folder.assetcatalog; path = Assets.xcassets; sourceTree = "<group>"; };
		A116C0761E803A1F00E69F13 /* Base */ = {isa = PBXFileReference; lastKnownFileType = file.storyboard; name = Base; path = Base.lproj/LaunchScreen.storyboard; sourceTree = "<group>"; };
		A116C0781E803A1F00E69F13 /* Info.plist */ = {isa = PBXFileReference; lastKnownFileType = text.plist.xml; path = Info.plist; sourceTree = "<group>"; };
		A15CF7857A4DA933F4D692D9 /* Pods-MobileHostess.release.xcconfig */ = {isa = PBXFileReference; includeInIndex = 1; lastKnownFileType = text.xcconfig; name = "Pods-MobileHostess.release.xcconfig"; path = "Pods/Target Support Files/Pods-MobileHostess/Pods-MobileHostess.release.xcconfig"; sourceTree = "<group>"; };
		A17B4CEB1E80496200CC31CF /* SignUpViewController.swift */ = {isa = PBXFileReference; fileEncoding = 4; lastKnownFileType = sourcecode.swift; path = SignUpViewController.swift; sourceTree = "<group>"; };
		A17B4CED1E805ACD00CC31CF /* LoginViewController.swift */ = {isa = PBXFileReference; fileEncoding = 4; lastKnownFileType = sourcecode.swift; path = LoginViewController.swift; sourceTree = "<group>"; };
		A83389C4DE1551CB9F3C4C70 /* Pods_MobileHostess.framework */ = {isa = PBXFileReference; explicitFileType = wrapper.framework; includeInIndex = 0; path = Pods_MobileHostess.framework; sourceTree = BUILT_PRODUCTS_DIR; };
/* End PBXFileReference section */

/* Begin PBXFrameworksBuildPhase section */
		A116C0631E803A1E00E69F13 /* Frameworks */ = {
			isa = PBXFrameworksBuildPhase;
			buildActionMask = 2147483647;
			files = (
				EB866B94C488FFB867BA6D93 /* Pods_MobileHostess.framework in Frameworks */,
			);
			runOnlyForDeploymentPostprocessing = 0;
		};
/* End PBXFrameworksBuildPhase section */

/* Begin PBXGroup section */
		A07910914486E502420579E2 /* Pods */ = {
			isa = PBXGroup;
			children = (
				4FCF7B20374D5D73B21C23D4 /* Pods-MobileHostess.debug.xcconfig */,
				A15CF7857A4DA933F4D692D9 /* Pods-MobileHostess.release.xcconfig */,
			);
			name = Pods;
			sourceTree = "<group>";
		};
		A116C05D1E803A1E00E69F13 = {
			isa = PBXGroup;
			children = (
				A116C0681E803A1F00E69F13 /* MobileHostess */,
				A116C0671E803A1F00E69F13 /* Products */,
				A07910914486E502420579E2 /* Pods */,
				D0D3D10E863767B5436246DC /* Frameworks */,
			);
			sourceTree = "<group>";
		};
		A116C0671E803A1F00E69F13 /* Products */ = {
			isa = PBXGroup;
			children = (
				A116C0661E803A1F00E69F13 /* MobileHostess.app */,
			);
			name = Products;
			sourceTree = "<group>";
		};
		A116C0681E803A1F00E69F13 /* MobileHostess */ = {
			isa = PBXGroup;
			children = (
				A116C0691E803A1F00E69F13 /* AppDelegate.swift */,
				A17B4CEB1E80496200CC31CF /* SignUpViewController.swift */,
				A17B4CED1E805ACD00CC31CF /* LoginViewController.swift */,
				A116C06D1E803A1F00E69F13 /* Main.storyboard */,
				A116C0731E803A1F00E69F13 /* Assets.xcassets */,
				A116C0751E803A1F00E69F13 /* LaunchScreen.storyboard */,
				A10CEB891E80624E00E15369 /* GoogleService-Info.plist */,
				A116C0781E803A1F00E69F13 /* Info.plist */,
				A116C0701E803A1F00E69F13 /* MobileHostess.xcdatamodeld */,
			);
			path = MobileHostess;
			sourceTree = "<group>";
		};
		D0D3D10E863767B5436246DC /* Frameworks */ = {
			isa = PBXGroup;
			children = (
				A83389C4DE1551CB9F3C4C70 /* Pods_MobileHostess.framework */,
			);
			name = Frameworks;
			sourceTree = "<group>";
		};
/* End PBXGroup section */

/* Begin PBXNativeTarget section */
		A116C0651E803A1E00E69F13 /* MobileHostess */ = {
			isa = PBXNativeTarget;
			buildConfigurationList = A116C07B1E803A1F00E69F13 /* Build configuration list for PBXNativeTarget "MobileHostess" */;
			buildPhases = (
				C6CECA2FD9CFBCC3BD0C8DE2 /* [CP] Check Pods Manifest.lock */,
				A116C0621E803A1E00E69F13 /* Sources */,
				A116C0631E803A1E00E69F13 /* Frameworks */,
				A116C0641E803A1E00E69F13 /* Resources */,
				28331EE103B46A50F8C3A744 /* [CP] Embed Pods Frameworks */,
				0F029E339A19EC2EA40B35F8 /* [CP] Copy Pods Resources */,
			);
			buildRules = (
			);
			dependencies = (
			);
			name = MobileHostess;
			productName = MobileHostess;
			productReference = A116C0661E803A1F00E69F13 /* MobileHostess.app */;
			productType = "com.apple.product-type.application";
		};
/* End PBXNativeTarget section */

/* Begin PBXProject section */
		A116C05E1E803A1E00E69F13 /* Project object */ = {
			isa = PBXProject;
			attributes = {
				LastSwiftUpdateCheck = 0820;
				LastUpgradeCheck = 0820;
				ORGANIZATIONNAME = "Tristan Wolf";
				TargetAttributes = {
					A116C0651E803A1E00E69F13 = {
						CreatedOnToolsVersion = 8.2.1;
						ProvisioningStyle = Automatic;
					};
				};
			};
			buildConfigurationList = A116C0611E803A1E00E69F13 /* Build configuration list for PBXProject "MobileHostess" */;
			compatibilityVersion = "Xcode 3.2";
			developmentRegion = English;
			hasScannedForEncodings = 0;
			knownRegions = (
				en,
				Base,
			);
			mainGroup = A116C05D1E803A1E00E69F13;
			productRefGroup = A116C0671E803A1F00E69F13 /* Products */;
			projectDirPath = "";
			projectRoot = "";
			targets = (
				A116C0651E803A1E00E69F13 /* MobileHostess */,
			);
		};
/* End PBXProject section */

/* Begin PBXResourcesBuildPhase section */
		A116C0641E803A1E00E69F13 /* Resources */ = {
			isa = PBXResourcesBuildPhase;
			buildActionMask = 2147483647;
			files = (
				A116C0771E803A1F00E69F13 /* LaunchScreen.storyboard in Resources */,
				A116C0741E803A1F00E69F13 /* Assets.xcassets in Resources */,
				A116C06F1E803A1F00E69F13 /* Main.storyboard in Resources */,
				A10CEB8A1E80624E00E15369 /* GoogleService-Info.plist in Resources */,
			);
			runOnlyForDeploymentPostprocessing = 0;
		};
/* End PBXResourcesBuildPhase section */

/* Begin PBXShellScriptBuildPhase section */
		0F029E339A19EC2EA40B35F8 /* [CP] Copy Pods Resources */ = {
			isa = PBXShellScriptBuildPhase;
			buildActionMask = 2147483647;
			files = (
			);
			inputPaths = (
			);
			name = "[CP] Copy Pods Resources";
			outputPaths = (
			);
			runOnlyForDeploymentPostprocessing = 0;
			shellPath = /bin/sh;
			shellScript = "\"${SRCROOT}/Pods/Target Support Files/Pods-MobileHostess/Pods-MobileHostess-resources.sh\"\n";
			showEnvVarsInLog = 0;
		};
		28331EE103B46A50F8C3A744 /* [CP] Embed Pods Frameworks */ = {
			isa = PBXShellScriptBuildPhase;
			buildActionMask = 2147483647;
			files = (
			);
			inputPaths = (
			);
			name = "[CP] Embed Pods Frameworks";
			outputPaths = (
			);
			runOnlyForDeploymentPostprocessing = 0;
			shellPath = /bin/sh;
			shellScript = "\"${SRCROOT}/Pods/Target Support Files/Pods-MobileHostess/Pods-MobileHostess-frameworks.sh\"\n";
			showEnvVarsInLog = 0;
		};
		C6CECA2FD9CFBCC3BD0C8DE2 /* [CP] Check Pods Manifest.lock */ = {
			isa = PBXShellScriptBuildPhase;
			buildActionMask = 2147483647;
			files = (
			);
			inputPaths = (
			);
			name = "[CP] Check Pods Manifest.lock";
			outputPaths = (
			);
			runOnlyForDeploymentPostprocessing = 0;
			shellPath = /bin/sh;
			shellScript = "diff \"${PODS_ROOT}/../Podfile.lock\" \"${PODS_ROOT}/Manifest.lock\" > /dev/null\nif [ $? != 0 ] ; then\n    # print error to STDERR\n    echo \"error: The sandbox is not in sync with the Podfile.lock. Run 'pod install' or update your CocoaPods installation.\" >&2\n    exit 1\nfi\n";
			showEnvVarsInLog = 0;
		};
/* End PBXShellScriptBuildPhase section */

/* Begin PBXSourcesBuildPhase section */
		A116C0621E803A1E00E69F13 /* Sources */ = {
			isa = PBXSourcesBuildPhase;
			buildActionMask = 2147483647;
			files = (
				A17B4CEE1E805ACD00CC31CF /* LoginViewController.swift in Sources */,
				A17B4CEC1E80496200CC31CF /* SignUpViewController.swift in Sources */,
				A116C0721E803A1F00E69F13 /* MobileHostess.xcdatamodeld in Sources */,
				A116C06A1E803A1F00E69F13 /* AppDelegate.swift in Sources */,
			);
			runOnlyForDeploymentPostprocessing = 0;
		};
/* End PBXSourcesBuildPhase section */

/* Begin PBXVariantGroup section */
		A116C06D1E803A1F00E69F13 /* Main.storyboard */ = {
			isa = PBXVariantGroup;
			children = (
				A116C06E1E803A1F00E69F13 /* Base */,
			);
			name = Main.storyboard;
			sourceTree = "<group>";
		};
		A116C0751E803A1F00E69F13 /* LaunchScreen.storyboard */ = {
			isa = PBXVariantGroup;
			children = (
				A116C0761E803A1F00E69F13 /* Base */,
			);
			name = LaunchScreen.storyboard;
			sourceTree = "<group>";
		};
/* End PBXVariantGroup section */

/* Begin XCBuildConfiguration section */
		A116C0791E803A1F00E69F13 /* Debug */ = {
			isa = XCBuildConfiguration;
			buildSettings = {
				ALWAYS_SEARCH_USER_PATHS = NO;
				CLANG_ANALYZER_NONNULL = YES;
				CLANG_CXX_LANGUAGE_STANDARD = "gnu++0x";
				CLANG_CXX_LIBRARY = "libc++";
				CLANG_ENABLE_MODULES = YES;
				CLANG_ENABLE_OBJC_ARC = YES;
				CLANG_WARN_BOOL_CONVERSION = YES;
				CLANG_WARN_CONSTANT_CONVERSION = YES;
				CLANG_WARN_DIRECT_OBJC_ISA_USAGE = YES_ERROR;
				CLANG_WARN_DOCUMENTATION_COMMENTS = YES;
				CLANG_WARN_EMPTY_BODY = YES;
				CLANG_WARN_ENUM_CONVERSION = YES;
				CLANG_WARN_INFINITE_RECURSION = YES;
				CLANG_WARN_INT_CONVERSION = YES;
				CLANG_WARN_OBJC_ROOT_CLASS = YES_ERROR;
				CLANG_WARN_SUSPICIOUS_MOVE = YES;
				CLANG_WARN_UNREACHABLE_CODE = YES;
				CLANG_WARN__DUPLICATE_METHOD_MATCH = YES;
				"CODE_SIGN_IDENTITY[sdk=iphoneos*]" = "iPhone Developer";
				COPY_PHASE_STRIP = NO;
				DEBUG_INFORMATION_FORMAT = dwarf;
				ENABLE_STRICT_OBJC_MSGSEND = YES;
				ENABLE_TESTABILITY = YES;
				GCC_C_LANGUAGE_STANDARD = gnu99;
				GCC_DYNAMIC_NO_PIC = NO;
				GCC_NO_COMMON_BLOCKS = YES;
				GCC_OPTIMIZATION_LEVEL = 0;
				GCC_PREPROCESSOR_DEFINITIONS = (
					"DEBUG=1",
					"$(inherited)",
				);
				GCC_WARN_64_TO_32_BIT_CONVERSION = YES;
				GCC_WARN_ABOUT_RETURN_TYPE = YES_ERROR;
				GCC_WARN_UNDECLARED_SELECTOR = YES;
				GCC_WARN_UNINITIALIZED_AUTOS = YES_AGGRESSIVE;
				GCC_WARN_UNUSED_FUNCTION = YES;
				GCC_WARN_UNUSED_VARIABLE = YES;
				IPHONEOS_DEPLOYMENT_TARGET = 10.2;
				MTL_ENABLE_DEBUG_INFO = YES;
				ONLY_ACTIVE_ARCH = YES;
				SDKROOT = iphoneos;
				SWIFT_ACTIVE_COMPILATION_CONDITIONS = DEBUG;
				SWIFT_OPTIMIZATION_LEVEL = "-Onone";
			};
			name = Debug;
		};
		A116C07A1E803A1F00E69F13 /* Release */ = {
			isa = XCBuildConfiguration;
			buildSettings = {
				ALWAYS_SEARCH_USER_PATHS = NO;
				CLANG_ANALYZER_NONNULL = YES;
				CLANG_CXX_LANGUAGE_STANDARD = "gnu++0x";
				CLANG_CXX_LIBRARY = "libc++";
				CLANG_ENABLE_MODULES = YES;
				CLANG_ENABLE_OBJC_ARC = YES;
				CLANG_WARN_BOOL_CONVERSION = YES;
				CLANG_WARN_CONSTANT_CONVERSION = YES;
				CLANG_WARN_DIRECT_OBJC_ISA_USAGE = YES_ERROR;
				CLANG_WARN_DOCUMENTATION_COMMENTS = YES;
				CLANG_WARN_EMPTY_BODY = YES;
				CLANG_WARN_ENUM_CONVERSION = YES;
				CLANG_WARN_INFINITE_RECURSION = YES;
				CLANG_WARN_INT_CONVERSION = YES;
				CLANG_WARN_OBJC_ROOT_CLASS = YES_ERROR;
				CLANG_WARN_SUSPICIOUS_MOVE = YES;
				CLANG_WARN_UNREACHABLE_CODE = YES;
				CLANG_WARN__DUPLICATE_METHOD_MATCH = YES;
				"CODE_SIGN_IDENTITY[sdk=iphoneos*]" = "iPhone Developer";
				COPY_PHASE_STRIP = NO;
				DEBUG_INFORMATION_FORMAT = "dwarf-with-dsym";
				ENABLE_NS_ASSERTIONS = NO;
				ENABLE_STRICT_OBJC_MSGSEND = YES;
				GCC_C_LANGUAGE_STANDARD = gnu99;
				GCC_NO_COMMON_BLOCKS = YES;
				GCC_WARN_64_TO_32_BIT_CONVERSION = YES;
				GCC_WARN_ABOUT_RETURN_TYPE = YES_ERROR;
				GCC_WARN_UNDECLARED_SELECTOR = YES;
				GCC_WARN_UNINITIALIZED_AUTOS = YES_AGGRESSIVE;
				GCC_WARN_UNUSED_FUNCTION = YES;
				GCC_WARN_UNUSED_VARIABLE = YES;
				IPHONEOS_DEPLOYMENT_TARGET = 10.2;
				MTL_ENABLE_DEBUG_INFO = NO;
				SDKROOT = iphoneos;
				SWIFT_OPTIMIZATION_LEVEL = "-Owholemodule";
				VALIDATE_PRODUCT = YES;
			};
			name = Release;
		};
		A116C07C1E803A1F00E69F13 /* Debug */ = {
			isa = XCBuildConfiguration;
			baseConfigurationReference = 4FCF7B20374D5D73B21C23D4 /* Pods-MobileHostess.debug.xcconfig */;
			buildSettings = {
				ASSETCATALOG_COMPILER_APPICON_NAME = AppIcon;
				INFOPLIST_FILE = MobileHostess/Info.plist;
				LD_RUNPATH_SEARCH_PATHS = "$(inherited) @executable_path/Frameworks";
				PRODUCT_BUNDLE_IDENTIFIER = com.tristanwolf.MobileHostess;
				PRODUCT_NAME = "$(TARGET_NAME)";
				SWIFT_VERSION = 3.0;
			};
			name = Debug;
		};
		A116C07D1E803A1F00E69F13 /* Release */ = {
			isa = XCBuildConfiguration;
			baseConfigurationReference = A15CF7857A4DA933F4D692D9 /* Pods-MobileHostess.release.xcconfig */;
			buildSettings = {
				ASSETCATALOG_COMPILER_APPICON_NAME = AppIcon;
				INFOPLIST_FILE = MobileHostess/Info.plist;
				LD_RUNPATH_SEARCH_PATHS = "$(inherited) @executable_path/Frameworks";
				PRODUCT_BUNDLE_IDENTIFIER = com.tristanwolf.MobileHostess;
				PRODUCT_NAME = "$(TARGET_NAME)";
				SWIFT_VERSION = 3.0;
			};
			name = Release;
		};
/* End XCBuildConfiguration section */

/* Begin XCConfigurationList section */
		A116C0611E803A1E00E69F13 /* Build configuration list for PBXProject "MobileHostess" */ = {
			isa = XCConfigurationList;
			buildConfigurations = (
				A116C0791E803A1F00E69F13 /* Debug */,
				A116C07A1E803A1F00E69F13 /* Release */,
			);
			defaultConfigurationIsVisible = 0;
			defaultConfigurationName = Release;
		};
		A116C07B1E803A1F00E69F13 /* Build configuration list for PBXNativeTarget "MobileHostess" */ = {
			isa = XCConfigurationList;
			buildConfigurations = (
				A116C07C1E803A1F00E69F13 /* Debug */,
				A116C07D1E803A1F00E69F13 /* Release */,
			);
			defaultConfigurationIsVisible = 0;
			defaultConfigurationName = Release;
		};
/* End XCConfigurationList section */

/* Begin XCVersionGroup section */
		A116C0701E803A1F00E69F13 /* MobileHostess.xcdatamodeld */ = {
			isa = XCVersionGroup;
			children = (
				A116C0711E803A1F00E69F13 /* MobileHostess.xcdatamodel */,
			);
			currentVersion = A116C0711E803A1F00E69F13 /* MobileHostess.xcdatamodel */;
			path = MobileHostess.xcdatamodeld;
			sourceTree = "<group>";
			versionGroupType = wrapper.xcdatamodel;
		};
/* End XCVersionGroup section */
	};
	rootObject = A116C05E1E803A1E00E69F13 /* Project object */;
}
